
Microsoft Visual Studio Solution File, Format Version 11.00
# Visual C++ Express 2010
Project("{8BC9CEB8-8B4A-11D0-8D11-00A0C91BC942}") = "php_intel", "php_intel.vcxproj", "{0FDEC13E-5BB5-4D79-B6BC-440E4260D6AF}"
EndProject
Global
	GlobalSection(SolutionConfigurationPlatforms) = preSolution
		Debug|Win32 = Debug|Win32
		Release|Win32 = Release|Win32
	EndGlobalSection
	GlobalSection(ProjectConfigurationPlatforms) = postSolution
		{0FDEC13E-5BB5-4D79-B6BC-440E4260D6AF}.Debug|Win32.ActiveCfg = Debug|Win32
		{0FDEC13E-5BB5-4D79-B6BC-440E4260D6AF}.Debug|Win32.Build.0 = Debug|Win32
		{0FDEC13E-5BB5-4D79-B6BC-440E4260D6AF}.Release|Win32.ActiveCfg = Release|Win32
		{0FDEC13E-5BB5-4D79-B6BC-440E4260D6AF}.Release|Win32.Build.0 = Release|Win32
	EndGlobalSection
	GlobalSection(SolutionProperties) = preSolution
		HideSolutionNode = FALSE
	EndGlobalSection
EndGlobal
